
Microsoft Visual Studio Solution File, Format Version 12.00
# Visual Studio Version 16
VisualStudioVersion = 16.0.30011.22
MinimumVisualStudioVersion = 10.0.40219.1
Project("{FAE04EC0-301F-11D3-BF4B-00C04F79EFBC}") = "RPS.Client", "RPS.Client\RPS.Client.csproj", "{4104C9E5-4F0D-492D-8D29-70548E480A9F}"
EndProject
Project("{FAE04EC0-301F-11D3-BF4B-00C04F79EFBC}") = "RPS.Server", "RPS.Server\RPS.Server.csproj", "{AC1A5E9A-27A5-4866-B66F-5B5D36F12B30}"
EndProject
Project("{FAE04EC0-301F-11D3-BF4B-00C04F79EFBC}") = "RPS.Messenger", "RPS.Messenger\RPS.Messenger.csproj", "{88FE9DC4-1731-4EC2-A4A5-9CE6051685C8}"
EndProject
Project("{9A19103F-16F7-4668-BE54-9A1E7A4F7556}") = "RPS.ClientUI", "RPS.ClientUI\RPS.ClientUI.csproj", "{98A842FC-CF22-4276-9F35-C427C663DDFD}"
EndProject
Global
	GlobalSection(SolutionConfigurationPlatforms) = preSolution
		Debug|Any CPU = Debug|Any CPU
		Release|Any CPU = Release|Any CPU
	EndGlobalSection
	GlobalSection(ProjectConfigurationPlatforms) = postSolution
		{4104C9E5-4F0D-492D-8D29-70548E480A9F}.Debug|Any CPU.ActiveCfg = Debug|Any CPU
		{4104C9E5-4F0D-492D-8D29-70548E480A9F}.Debug|Any CPU.Build.0 = Debug|Any CPU
		{4104C9E5-4F0D-492D-8D29-70548E480A9F}.Release|Any CPU.ActiveCfg = Release|Any CPU
		{4104C9E5-4F0D-492D-8D29-70548E480A9F}.Release|Any CPU.Build.0 = Release|Any CPU
		{AC1A5E9A-27A5-4866-B66F-5B5D36F12B30}.Debug|Any CPU.ActiveCfg = Debug|Any CPU
		{AC1A5E9A-27A5-4866-B66F-5B5D36F12B30}.Debug|Any CPU.Build.0 = Debug|Any CPU
		{AC1A5E9A-27A5-4866-B66F-5B5D36F12B30}.Release|Any CPU.ActiveCfg = Release|Any CPU
		{AC1A5E9A-27A5-4866-B66F-5B5D36F12B30}.Release|Any CPU.Build.0 = Release|Any CPU
		{88FE9DC4-1731-4EC2-A4A5-9CE6051685C8}.Debug|Any CPU.ActiveCfg = Debug|Any CPU
		{88FE9DC4-1731-4EC2-A4A5-9CE6051685C8}.Debug|Any CPU.Build.0 = Debug|Any CPU
		{88FE9DC4-1731-4EC2-A4A5-9CE6051685C8}.Release|Any CPU.ActiveCfg = Release|Any CPU
		{88FE9DC4-1731-4EC2-A4A5-9CE6051685C8}.Release|Any CPU.Build.0 = Release|Any CPU
		{98A842FC-CF22-4276-9F35-C427C663DDFD}.Debug|Any CPU.ActiveCfg = Debug|Any CPU
		{98A842FC-CF22-4276-9F35-C427C663DDFD}.Debug|Any CPU.Build.0 = Debug|Any CPU
		{98A842FC-CF22-4276-9F35-C427C663DDFD}.Release|Any CPU.ActiveCfg = Release|Any CPU
		{98A842FC-CF22-4276-9F35-C427C663DDFD}.Release|Any CPU.Build.0 = Release|Any CPU
	EndGlobalSection
	GlobalSection(SolutionProperties) = preSolution
		HideSolutionNode = FALSE
	EndGlobalSection
	GlobalSection(ExtensibilityGlobals) = postSolution
		SolutionGuid = {0383A170-94E6-43E4-932F-F6417A18306A}
	EndGlobalSection
EndGlobal
